// !$*UTF8*$!
{
	archiveVersion = 1;
	classes = {
	};
	objectVersion = 56;
	objects = {

/* Begin PBXBuildFile section */
		AEBEDCCB2A5BEEA50094C68F /* AppDelegate.swift in Sources */ = {isa = PBXBuildFile; fileRef = AEBEDCCA2A5BEEA50094C68F /* AppDelegate.swift */; };
		AEBEDCCD2A5BEEA50094C68F /* SceneDelegate.swift in Sources */ = {isa = PBXBuildFile; fileRef = AEBEDCCC2A5BEEA50094C68F /* SceneDelegate.swift */; };
		AEBEDCCF2A5BEEA50094C68F /* ViewController.swift in Sources */ = {isa = PBXBuildFile; fileRef = AEBEDCCE2A5BEEA50094C68F /* ViewController.swift */; };
		AEBEDCD22A5BEEA50094C68F /* Main.storyboard in Resources */ = {isa = PBXBuildFile; fileRef = AEBEDCD02A5BEEA50094C68F /* Main.storyboard */; };
		AEBEDCD42A5BEEA60094C68F /* Assets.xcassets in Resources */ = {isa = PBXBuildFile; fileRef = AEBEDCD32A5BEEA60094C68F /* Assets.xcassets */; };
		AEBEDCD72A5BEEA60094C68F /* LaunchScreen.storyboard in Resources */ = {isa = PBXBuildFile; fileRef = AEBEDCD52A5BEEA60094C68F /* LaunchScreen.storyboard */; };
		AEBEDCDF2A5BF2550094C68F /* NewsListTableVC.swift in Sources */ = {isa = PBXBuildFile; fileRef = AEBEDCDE2A5BF2550094C68F /* NewsListTableVC.swift */; };
		AEBEDCE12A5C0D560094C68F /* RSSDownloader.swift in Sources */ = {isa = PBXBuildFile; fileRef = AEBEDCE02A5C0D560094C68F /* RSSDownloader.swift */; };
/* End PBXBuildFile section */

/* Begin PBXFileReference section */
		AEBEDCC72A5BEEA50094C68F /* HelloRSSReader.app */ = {isa = PBXFileReference; explicitFileType = wrapper.application; includeInIndex = 0; path = HelloRSSReader.app; sourceTree = BUILT_PRODUCTS_DIR; };
		AEBEDCCA2A5BEEA50094C68F /* AppDelegate.swift */ = {isa = PBXFileReference; lastKnownFileType = sourcecode.swift; path = AppDelegate.swift; sourceTree = "<group>"; };
		AEBEDCCC2A5BEEA50094C68F /* SceneDelegate.swift */ = {isa = PBXFileReference; lastKnownFileType = sourcecode.swift; path = SceneDelegate.swift; sourceTree = "<group>"; };
		AEBEDCCE2A5BEEA50094C68F /* ViewController.swift */ = {isa = PBXFileReference; lastKnownFileType = sourcecode.swift; path = ViewController.swift; sourceTree = "<group>"; };
		AEBEDCD12A5BEEA50094C68F /* Base */ = {isa = PBXFileReference; lastKnownFileType = file.storyboard; name = Base; path = Base.lproj/Main.storyboard; sourceTree = "<group>"; };
		AEBEDCD32A5BEEA60094C68F /* Assets.xcassets */ = {isa = PBXFileReference; lastKnownFileType = folder.assetcatalog; path = Assets.xcassets; sourceTree = "<group>"; };
		AEBEDCD62A5BEEA60094C68F /* Base */ = {isa = PBXFileReference; lastKnownFileType = file.storyboard; name = Base; path = Base.lproj/LaunchScreen.storyboard; sourceTree = "<group>"; };
		AEBEDCD82A5BEEA60094C68F /* Info.plist */ = {isa = PBXFileReference; lastKnownFileType = text.plist.xml; path = Info.plist; sourceTree = "<group>"; };
		AEBEDCDE2A5BF2550094C68F /* NewsListTableVC.swift */ = {isa = PBXFileReference; lastKnownFileType = sourcecode.swift; path = NewsListTableVC.swift; sourceTree = "<group>"; };
		AEBEDCE02A5C0D560094C68F /* RSSDownloader.swift */ = {isa = PBXFileReference; lastKnownFileType = sourcecode.swift; path = RSSDownloader.swift; sourceTree = "<group>"; };
/* End PBXFileReference section */

/* Begin PBXFrameworksBuildPhase section */
		AEBEDCC42A5BEEA50094C68F /* Frameworks */ = {
			isa = PBXFrameworksBuildPhase;
			buildActionMask = 2147483647;
			files = (
			);
			runOnlyForDeploymentPostprocessing = 0;
		};
/* End PBXFrameworksBuildPhase section */

/* Begin PBXGroup section */
		AEBEDCBE2A5BEEA50094C68F = {
			isa = PBXGroup;
			children = (
				AEBEDCC92A5BEEA50094C68F /* HelloRSSReader */,
				AEBEDCC82A5BEEA50094C68F /* Products */,
			);
			sourceTree = "<group>";
		};
		AEBEDCC82A5BEEA50094C68F /* Products */ = {
			isa = PBXGroup;
			children = (
				AEBEDCC72A5BEEA50094C68F /* HelloRSSReader.app */,
			);
			name = Products;
			sourceTree = "<group>";
		};
		AEBEDCC92A5BEEA50094C68F /* HelloRSSReader */ = {
			isa = PBXGroup;
			children = (
				AEBEDCCA2A5BEEA50094C68F /* AppDelegate.swift */,
				AEBEDCCC2A5BEEA50094C68F /* SceneDelegate.swift */,
				AEBEDCCE2A5BEEA50094C68F /* ViewController.swift */,
				AEBEDCD02A5BEEA50094C68F /* Main.storyboard */,
				AEBEDCDE2A5BF2550094C68F /* NewsListTableVC.swift */,
				AEBEDCE02A5C0D560094C68F /* RSSDownloader.swift */,
				AEBEDCD32A5BEEA60094C68F /* Assets.xcassets */,
				AEBEDCD52A5BEEA60094C68F /* LaunchScreen.storyboard */,
				AEBEDCD82A5BEEA60094C68F /* Info.plist */,
			);
			path = HelloRSSReader;
			sourceTree = "<group>";
		};
/* End PBXGroup section */

/* Begin PBXNativeTarget section */
		AEBEDCC62A5BEEA50094C68F /* HelloRSSReader */ = {
			isa = PBXNativeTarget;
			buildConfigurationList = AEBEDCDB2A5BEEA60094C68F /* Build configuration list for PBXNativeTarget "HelloRSSReader" */;
			buildPhases = (
				AEBEDCC32A5BEEA50094C68F /* Sources */,
				AEBEDCC42A5BEEA50094C68F /* Frameworks */,
				AEBEDCC52A5BEEA50094C68F /* Resources */,
			);
			buildRules = (
			);
			dependencies = (
			);
			name = HelloRSSReader;
			productName = HelloRSSReader;
			productReference = AEBEDCC72A5BEEA50094C68F /* HelloRSSReader.app */;
			productType = "com.apple.product-type.application";
		};
/* End PBXNativeTarget section */

/* Begin PBXProject section */
		AEBEDCBF2A5BEEA50094C68F /* Project object */ = {
			isa = PBXProject;
			attributes = {
				BuildIndependentTargetsInParallel = 1;
				LastSwiftUpdateCheck = 1420;
				LastUpgradeCheck = 1420;
				TargetAttributes = {
					AEBEDCC62A5BEEA50094C68F = {
						CreatedOnToolsVersion = 14.2;
					};
				};
			};
			buildConfigurationList = AEBEDCC22A5BEEA50094C68F /* Build configuration list for PBXProject "HelloRSSReader" */;
			compatibilityVersion = "Xcode 14.0";
			developmentRegion = en;
			hasScannedForEncodings = 0;
			knownRegions = (
				en,
				Base,
			);
			mainGroup = AEBEDCBE2A5BEEA50094C68F;
			productRefGroup = AEBEDCC82A5BEEA50094C68F /* Products */;
			projectDirPath = "";
			projectRoot = "";
			targets = (
				AEBEDCC62A5BEEA50094C68F /* HelloRSSReader */,
			);
		};
/* End PBXProject section */

/* Begin PBXResourcesBuildPhase section */
		AEBEDCC52A5BEEA50094C68F /* Resources */ = {
			isa = PBXResourcesBuildPhase;
			buildActionMask = 2147483647;
			files = (
				AEBEDCD72A5BEEA60094C68F /* LaunchScreen.storyboard in Resources */,
				AEBEDCD42A5BEEA60094C68F /* Assets.xcassets in Resources */,
				AEBEDCD22A5BEEA50094C68F /* Main.storyboard in Resources */,
			);
			runOnlyForDeploymentPostprocessing = 0;
		};
/* End PBXResourcesBuildPhase section */

/* Begin PBXSourcesBuildPhase section */
		AEBEDCC32A5BEEA50094C68F /* Sources */ = {
			isa = PBXSourcesBuildPhase;
			buildActionMask = 2147483647;
			files = (
				AEBEDCCF2A5BEEA50094C68F /* ViewController.swift in Sources */,
				AEBEDCE12A5C0D560094C68F /* RSSDownloader.swift in Sources */,
				AEBEDCCB2A5BEEA50094C68F /* AppDelegate.swift in Sources */,
				AEBEDCDF2A5BF2550094C68F /* NewsListTableVC.swift in Sources */,
				AEBEDCCD2A5BEEA50094C68F /* SceneDelegate.swift in Sources */,
			);
			runOnlyForDeploymentPostprocessing = 0;
		};
/* End PBXSourcesBuildPhase section */

/* Begin PBXVariantGroup section */
		AEBEDCD02A5BEEA50094C68F /* Main.storyboard */ = {
			isa = PBXVariantGroup;
			children = (
				AEBEDCD12A5BEEA50094C68F /* Base */,
			);
			name = Main.storyboard;
			sourceTree = "<group>";
		};
		AEBEDCD52A5BEEA60094C68F /* LaunchScreen.storyboard */ = {
			isa = PBXVariantGroup;
			children = (
				AEBEDCD62A5BEEA60094C68F /* Base */,
			);
			name = LaunchScreen.storyboard;
			sourceTree = "<group>";
		};
/* End PBXVariantGroup section */

/* Begin XCBuildConfiguration section */
		AEBEDCD92A5BEEA60094C68F /* Debug */ = {
			isa = XCBuildConfiguration;
			buildSettings = {
				ALWAYS_SEARCH_USER_PATHS = NO;
				CLANG_ANALYZER_NONNULL = YES;
				CLANG_ANALYZER_NUMBER_OBJECT_CONVERSION = YES_AGGRESSIVE;
				CLANG_CXX_LANGUAGE_STANDARD = "gnu++20";
				CLANG_ENABLE_MODULES = YES;
				CLANG_ENABLE_OBJC_ARC = YES;
				CLANG_ENABLE_OBJC_WEAK = YES;
				CLANG_WARN_BLOCK_CAPTURE_AUTORELEASING = YES;
				CLANG_WARN_BOOL_CONVERSION = YES;
				CLANG_WARN_COMMA = YES;
				CLANG_WARN_CONSTANT_CONVERSION = YES;
				CLANG_WARN_DEPRECATED_OBJC_IMPLEMENTATIONS = YES;
				CLANG_WARN_DIRECT_OBJC_ISA_USAGE = YES_ERROR;
				CLANG_WARN_DOCUMENTATION_COMMENTS = YES;
				CLANG_WARN_EMPTY_BODY = YES;
				CLANG_WARN_ENUM_CONVERSION = YES;
				CLANG_WARN_INFINITE_RECURSION = YES;
				CLANG_WARN_INT_CONVERSION = YES;
				CLANG_WARN_NON_LITERAL_NULL_CONVERSION = YES;
				CLANG_WARN_OBJC_IMPLICIT_RETAIN_SELF = YES;
				CLANG_WARN_OBJC_LITERAL_CONVERSION = YES;
				CLANG_WARN_OBJC_ROOT_CLASS = YES_ERROR;
				CLANG_WARN_QUOTED_INCLUDE_IN_FRAMEWORK_HEADER = YES;
				CLANG_WARN_RANGE_LOOP_ANALYSIS = YES;
				CLANG_WARN_STRICT_PROTOTYPES = YES;
				CLANG_WARN_SUSPICIOUS_MOVE = YES;
				CLANG_WARN_UNGUARDED_AVAILABILITY = YES_AGGRESSIVE;
				CLANG_WARN_UNREACHABLE_CODE = YES;
				CLANG_WARN__DUPLICATE_METHOD_MATCH = YES;
				COPY_PHASE_STRIP = NO;
				DEBUG_INFORMATION_FORMAT = dwarf;
				ENABLE_STRICT_OBJC_MSGSEND = YES;
				ENABLE_TESTABILITY = YES;
				GCC_C_LANGUAGE_STANDARD = gnu11;
				GCC_DYNAMIC_NO_PIC = NO;
				GCC_NO_COMMON_BLOCKS = YES;
				GCC_OPTIMIZATION_LEVEL = 0;
				GCC_PREPROCESSOR_DEFINITIONS = (
					"DEBUG=1",
					"$(inherited)",
				);
				GCC_WARN_64_TO_32_BIT_CONVERSION = YES;
				GCC_WARN_ABOUT_RETURN_TYPE = YES_ERROR;
				GCC_WARN_UNDECLARED_SELECTOR = YES;
				GCC_WARN_UNINITIALIZED_AUTOS = YES_AGGRESSIVE;
				GCC_WARN_UNUSED_FUNCTION = YES;
				GCC_WARN_UNUSED_VARIABLE = YES;
				IPHONEOS_DEPLOYMENT_TARGET = 16.2;
				MTL_ENABLE_DEBUG_INFO = INCLUDE_SOURCE;
				MTL_FAST_MATH = YES;
				ONLY_ACTIVE_ARCH = YES;
				SDKROOT = iphoneos;
				SWIFT_ACTIVE_COMPILATION_CONDITIONS = DEBUG;
				SWIFT_OPTIMIZATION_LEVEL = "-Onone";
			};
			name = Debug;
		};
		AEBEDCDA2A5BEEA60094C68F /* Release */ = {
			isa = XCBuildConfiguration;
			buildSettings = {
				ALWAYS_SEARCH_USER_PATHS = NO;
				CLANG_ANALYZER_NONNULL = YES;
				CLANG_ANALYZER_NUMBER_OBJECT_CONVERSION = YES_AGGRESSIVE;
				CLANG_CXX_LANGUAGE_STANDARD = "gnu++20";
				CLANG_ENABLE_MODULES = YES;
				CLANG_ENABLE_OBJC_ARC = YES;
				CLANG_ENABLE_OBJC_WEAK = YES;
				CLANG_WARN_BLOCK_CAPTURE_AUTORELEASING = YES;
				CLANG_WARN_BOOL_CONVERSION = YES;
				CLANG_WARN_COMMA = YES;
				CLANG_WARN_CONSTANT_CONVERSION = YES;
				CLANG_WARN_DEPRECATED_OBJC_IMPLEMENTATIONS = YES;
				CLANG_WARN_DIRECT_OBJC_ISA_USAGE = YES_ERROR;
				CLANG_WARN_DOCUMENTATION_COMMENTS = YES;
				CLANG_WARN_EMPTY_BODY = YES;
				CLANG_WARN_ENUM_CONVERSION = YES;
				CLANG_WARN_INFINITE_RECURSION = YES;
				CLANG_WARN_INT_CONVERSION = YES;
				CLANG_WARN_NON_LITERAL_NULL_CONVERSION = YES;
				CLANG_WARN_OBJC_IMPLICIT_RETAIN_SELF = YES;
				CLANG_WARN_OBJC_LITERAL_CONVERSION = YES;
				CLANG_WARN_OBJC_ROOT_CLASS = YES_ERROR;
				CLANG_WARN_QUOTED_INCLUDE_IN_FRAMEWORK_HEADER = YES;
				CLANG_WARN_RANGE_LOOP_ANALYSIS = YES;
				CLANG_WARN_STRICT_PROTOTYPES = YES;
				CLANG_WARN_SUSPICIOUS_MOVE = YES;
				CLANG_WARN_UNGUARDED_AVAILABILITY = YES_AGGRESSIVE;
				CLANG_WARN_UNREACHABLE_CODE = YES;
				CLANG_WARN__DUPLICATE_METHOD_MATCH = YES;
				COPY_PHASE_STRIP = NO;
				DEBUG_INFORMATION_FORMAT = "dwarf-with-dsym";
				ENABLE_NS_ASSERTIONS = NO;
				ENABLE_STRICT_OBJC_MSGSEND = YES;
				GCC_C_LANGUAGE_STANDARD = gnu11;
				GCC_NO_COMMON_BLOCKS = YES;
				GCC_WARN_64_TO_32_BIT_CONVERSION = YES;
				GCC_WARN_ABOUT_RETURN_TYPE = YES_ERROR;
				GCC_WARN_UNDECLARED_SELECTOR = YES;
				GCC_WARN_UNINITIALIZED_AUTOS = YES_AGGRESSIVE;
				GCC_WARN_UNUSED_FUNCTION = YES;
				GCC_WARN_UNUSED_VARIABLE = YES;
				IPHONEOS_DEPLOYMENT_TARGET = 16.2;
				MTL_ENABLE_DEBUG_INFO = NO;
				MTL_FAST_MATH = YES;
				SDKROOT = iphoneos;
				SWIFT_COMPILATION_MODE = wholemodule;
				SWIFT_OPTIMIZATION_LEVEL = "-O";
				VALIDATE_PRODUCT = YES;
			};
			name = Release;
		};
		AEBEDCDC2A5BEEA60094C68F /* Debug */ = {
			isa = XCBuildConfiguration;
			buildSettings = {
				ASSETCATALOG_COMPILER_APPICON_NAME = AppIcon;
				ASSETCATALOG_COMPILER_GLOBAL_ACCENT_COLOR_NAME = AccentColor;
				CODE_SIGN_STYLE = Automatic;
				CURRENT_PROJECT_VERSION = 1;
				DEVELOPMENT_TEAM = 86A854TG2V;
				GENERATE_INFOPLIST_FILE = YES;
				INFOPLIST_FILE = HelloRSSReader/Info.plist;
				INFOPLIST_KEY_UIApplicationSupportsIndirectInputEvents = YES;
				INFOPLIST_KEY_UILaunchStoryboardName = LaunchScreen;
				INFOPLIST_KEY_UIMainStoryboardFile = Main;
				INFOPLIST_KEY_UISupportedInterfaceOrientations_iPad = "UIInterfaceOrientationPortrait UIInterfaceOrientationPortraitUpsideDown UIInterfaceOrientationLandscapeLeft UIInterfaceOrientationLandscapeRight";
				INFOPLIST_KEY_UISupportedInterfaceOrientations_iPhone = "UIInterfaceOrientationPortrait UIInterfaceOrientationLandscapeLeft UIInterfaceOrientationLandscapeRight";
				LD_RUNPATH_SEARCH_PATHS = (
					"$(inherited)",
					"@executable_path/Frameworks",
				);
				MARKETING_VERSION = 1.0;
				PRODUCT_BUNDLE_IDENTIFIER = com.purplvampire.HelloRSSReader;
				PRODUCT_NAME = "$(TARGET_NAME)";
				SWIFT_EMIT_LOC_STRINGS = YES;
				SWIFT_VERSION = 5.0;
				TARGETED_DEVICE_FAMILY = "1,2";
			};
			name = Debug;
		};
		AEBEDCDD2A5BEEA60094C68F /* Release */ = {
			isa = XCBuildConfiguration;
			buildSettings = {
				ASSETCATALOG_COMPILER_APPICON_NAME = AppIcon;
				ASSETCATALOG_COMPILER_GLOBAL_ACCENT_COLOR_NAME = AccentColor;
				CODE_SIGN_STYLE = Automatic;
				CURRENT_PROJECT_VERSION = 1;
				DEVELOPMENT_TEAM = 86A854TG2V;
				GENERATE_INFOPLIST_FILE = YES;
				INFOPLIST_FILE = HelloRSSReader/Info.plist;
				INFOPLIST_KEY_UIApplicationSupportsIndirectInputEvents = YES;
				INFOPLIST_KEY_UILaunchStoryboardName = LaunchScreen;
				INFOPLIST_KEY_UIMainStoryboardFile = Main;
				INFOPLIST_KEY_UISupportedInterfaceOrientations_iPad = "UIInterfaceOrientationPortrait UIInterfaceOrientationPortraitUpsideDown UIInterfaceOrientationLandscapeLeft UIInterfaceOrientationLandscapeRight";
				INFOPLIST_KEY_UISupportedInterfaceOrientations_iPhone = "UIInterfaceOrientationPortrait UIInterfaceOrientationLandscapeLeft UIInterfaceOrientationLandscapeRight";
				LD_RUNPATH_SEARCH_PATHS = (
					"$(inherited)",
					"@executable_path/Frameworks",
				);
				MARKETING_VERSION = 1.0;
				PRODUCT_BUNDLE_IDENTIFIER = com.purplvampire.HelloRSSReader;
				PRODUCT_NAME = "$(TARGET_NAME)";
				SWIFT_EMIT_LOC_STRINGS = YES;
				SWIFT_VERSION = 5.0;
				TARGETED_DEVICE_FAMILY = "1,2";
			};
			name = Release;
		};
/* End XCBuildConfiguration section */

/* Begin XCConfigurationList section */
		AEBEDCC22A5BEEA50094C68F /* Build configuration list for PBXProject "HelloRSSReader" */ = {
			isa = XCConfigurationList;
			buildConfigurations = (
				AEBEDCD92A5BEEA60094C68F /* Debug */,
				AEBEDCDA2A5BEEA60094C68F /* Release */,
			);
			defaultConfigurationIsVisible = 0;
			defaultConfigurationName = Release;
		};
		AEBEDCDB2A5BEEA60094C68F /* Build configuration list for PBXNativeTarget "HelloRSSReader" */ = {
			isa = XCConfigurationList;
			buildConfigurations = (
				AEBEDCDC2A5BEEA60094C68F /* Debug */,
				AEBEDCDD2A5BEEA60094C68F /* Release */,
			);
			defaultConfigurationIsVisible = 0;
			defaultConfigurationName = Release;
		};
/* End XCConfigurationList section */
	};
	rootObject = AEBEDCBF2A5BEEA50094C68F /* Project object */;
}
